
Microsoft Visual Studio Solution File, Format Version 12.00
# Visual Studio Version 16
VisualStudioVersion = 16.0.29318.209
MinimumVisualStudioVersion = 10.0.40219.1
Project("{9A19103F-16F7-4668-BE54-9A1E7A4F7556}") = "DCEM.Main", "DCEM.Main\DCEM.Main.csproj", "{EADB88BB-6DF6-40BA-B07E-CC5D16BF16BE}"
EndProject
Project("{9A19103F-16F7-4668-BE54-9A1E7A4F7556}") = "DCEM.Web", "DCEM.Web\DCEM.Web.csproj", "{25385A6F-59C7-4765-B6BA-0401042B45CB}"
EndProject
Project("{9A19103F-16F7-4668-BE54-9A1E7A4F7556}") = "MSLibrary", "MSLibrary\MSLibrary.csproj", "{DD69D969-0563-4889-8284-69F044941ECE}"
EndProject
Project("{9A19103F-16F7-4668-BE54-9A1E7A4F7556}") = "DCEM.XUnitTest", "DCEM.XUnitTest\DCEM.XUnitTest.csproj", "{A2A2F33C-9FFF-4CE4-A04C-4CA7F93E07A1}"
EndProject
Project("{9A19103F-16F7-4668-BE54-9A1E7A4F7556}") = "DCEM.NUnitTest", "DCEM.NUnitTest\DCEM.NUnitTest.csproj", "{B2CCDE0E-2B34-4723-969B-C6A65573DD3A}"
EndProject
Project("{9A19103F-16F7-4668-BE54-9A1E7A4F7556}") = "DCEM.ConsoleApp", "DCEM.ConsoleApp\DCEM.ConsoleApp.csproj", "{5E0BE6F6-791E-4231-95D3-0486EC9E0959}"
EndProject
Project("{9A19103F-16F7-4668-BE54-9A1E7A4F7556}") = "DCEM.LoggerService", "DCEM.LoggerService\DCEM.LoggerService.csproj", "{D54CBBAE-BD9A-4585-8125-B0BA7305C77D}"
EndProject
Project("{2150E333-8FDC-42A3-9474-1A3956D46DE8}") = "001Libs", "001Libs", "{E2B83048-8094-420E-AFA7-AA8274A28A2F}"
EndProject
Project("{2150E333-8FDC-42A3-9474-1A3956D46DE8}") = "002Internets", "002Internets", "{3F59D8A0-66B8-43AC-B3DC-CCCCAD8C0B5C}"
EndProject
Project("{2150E333-8FDC-42A3-9474-1A3956D46DE8}") = "003Inners", "003Inners", "{20DF9404-CEDD-448F-8BB2-68A28FF96123}"
EndProject
Project("{9A19103F-16F7-4668-BE54-9A1E7A4F7556}") = "DCEM.ConfigurationService", "DCEM.ConfigurationService\DCEM.ConfigurationService.csproj", "{770D878F-D159-4683-8744-02AB09104790}"
EndProject
Project("{9A19103F-16F7-4668-BE54-9A1E7A4F7556}") = "DCEM.AuthorizationService", "DCEM.AuthorizationService\DCEM.AuthorizationService.csproj", "{6A49E4B5-6C8D-44FC-82E7-EDF338D8572D}"
EndProject
Project("{2150E333-8FDC-42A3-9474-1A3956D46DE8}") = "004Apps", "004Apps", "{1BE884B4-23B7-4124-93E6-9B9C30F751B4}"
EndProject
Project("{2150E333-8FDC-42A3-9474-1A3956D46DE8}") = "005Tests", "005Tests", "{3FC87C7D-F71A-4D97-9C0E-7A242C4A7A8E}"
EndProject
Project("{9A19103F-16F7-4668-BE54-9A1E7A4F7556}") = "DCEM.AuthorizationService.Main", "DCEM.AuthorizationService.Main\DCEM.AuthorizationService.Main.csproj", "{565E977A-8E92-46E0-8F7C-369682DFDE7D}"
EndProject
Project("{9092AA53-FB77-4645-B42D-1CCCA6BD08BD}") = "DCEM.App", "DCEM.MApp\DCEM.App.njsproj", "{F26CEDE4-F02D-4382-A6BD-49C0CB89D2AA}"
EndProject
Project("{2150E333-8FDC-42A3-9474-1A3956D46DE8}") = "099Others", "099Others", "{05061FC2-A7DF-42F3-ADFD-9DC28994E97A}"
EndProject
Project("{9A19103F-16F7-4668-BE54-9A1E7A4F7556}") = "DCEM.LoggerService.Main", "DCEM.LoggerService.Main\DCEM.LoggerService.Main.csproj", "{34D156A3-5A7D-46C3-BF65-C4E2ED22A5AC}"
EndProject
Project("{9A19103F-16F7-4668-BE54-9A1E7A4F7556}") = "DCEM.Deployment", "DCEM.Deployment\DCEM.Deployment.csproj", "{EB0900AC-6FF6-401A-8E96-0811EB1FB210}"
EndProject
Project("{9A19103F-16F7-4668-BE54-9A1E7A4F7556}") = "DCEM.ConfigurationService.Main", "DCEM.ConfigurationService.Main\DCEM.ConfigurationService.Main.csproj", "{1BFA088C-4F51-454A-9EA6-27590870E1F0}"
EndProject
Project("{9A19103F-16F7-4668-BE54-9A1E7A4F7556}") = "DCEM.ServiceAssistantService.Main", "DCEM.ServiceAssistantService.Main\DCEM.ServiceAssistantService.Main.csproj", "{7CF5945D-41B9-4B69-9F80-A59A2C9C7350}"
EndProject
Project("{9A19103F-16F7-4668-BE54-9A1E7A4F7556}") = "DCEM.SalesAssistant.Main", "DCEM.SalesAssistant.Main\DCEM.SalesAssistant.Main.csproj", "{852B965B-AF53-45A0-828D-F907EA6FD454}"
EndProject
Project("{FAE04EC0-301F-11D3-BF4B-00C04F79EFBC}") = "GenerateCode", "GenerateCode\GenerateCode\GenerateCode.csproj", "{5F6299F0-836B-45F3-A74E-E73112B024C9}"
EndProject
Project("{9092AA53-FB77-4645-B42D-1CCCA6BD08BD}") = "DCEM.APP.UserCenter", "DCEM.APP.UserCenter\DCEM.APP.UserCenter.njsproj", "{54630022-CCAD-4CED-8089-10A1D2A780CD}"
EndProject
Project("{9A19103F-16F7-4668-BE54-9A1E7A4F7556}") = "DCEM.UserCenterService.Main", "DCEM.UserCenterService.Main\DCEM.UserCenterService.Main.csproj", "{1529A180-197B-4A1A-8E67-5A178CFACC1E}"
EndProject
Project("{9A19103F-16F7-4668-BE54-9A1E7A4F7556}") = "DCEM.TCenterService.Main", "DCEM.TCenterService.Main\DCEM.TCenterService.Main.csproj", "{F3E51F06-E951-404B-8B92-63382F470DB1}"
EndProject
Project("{FAE04EC0-301F-11D3-BF4B-00C04F79EFBC}") = "DCEM.HTML", "DCEM.HTML\DCEM.HTML.csproj", "{E5A67B69-943A-4023-BE65-99362295BBDD}"
EndProject
Project("{FAE04EC0-301F-11D3-BF4B-00C04F79EFBC}") = "DCEM.HT", "DCEM.HT\DCEM.HT.csproj", "{326B11B2-2A9C-42F0-8DF3-D3257248E01A}"
EndProject
Global
	GlobalSection(SolutionConfigurationPlatforms) = preSolution
		Debug|Any CPU = Debug|Any CPU
		Release|Any CPU = Release|Any CPU
	EndGlobalSection
	GlobalSection(ProjectConfigurationPlatforms) = postSolution
		{EADB88BB-6DF6-40BA-B07E-CC5D16BF16BE}.Debug|Any CPU.ActiveCfg = Debug|Any CPU
		{EADB88BB-6DF6-40BA-B07E-CC5D16BF16BE}.Debug|Any CPU.Build.0 = Debug|Any CPU
		{EADB88BB-6DF6-40BA-B07E-CC5D16BF16BE}.Release|Any CPU.ActiveCfg = Release|Any CPU
		{EADB88BB-6DF6-40BA-B07E-CC5D16BF16BE}.Release|Any CPU.Build.0 = Release|Any CPU
		{25385A6F-59C7-4765-B6BA-0401042B45CB}.Debug|Any CPU.ActiveCfg = Debug|Any CPU
		{25385A6F-59C7-4765-B6BA-0401042B45CB}.Debug|Any CPU.Build.0 = Debug|Any CPU
		{25385A6F-59C7-4765-B6BA-0401042B45CB}.Release|Any CPU.ActiveCfg = Release|Any CPU
		{25385A6F-59C7-4765-B6BA-0401042B45CB}.Release|Any CPU.Build.0 = Release|Any CPU
		{DD69D969-0563-4889-8284-69F044941ECE}.Debug|Any CPU.ActiveCfg = Debug|Any CPU
		{DD69D969-0563-4889-8284-69F044941ECE}.Debug|Any CPU.Build.0 = Debug|Any CPU
		{DD69D969-0563-4889-8284-69F044941ECE}.Release|Any CPU.ActiveCfg = Release|Any CPU
		{DD69D969-0563-4889-8284-69F044941ECE}.Release|Any CPU.Build.0 = Release|Any CPU
		{A2A2F33C-9FFF-4CE4-A04C-4CA7F93E07A1}.Debug|Any CPU.ActiveCfg = Debug|Any CPU
		{A2A2F33C-9FFF-4CE4-A04C-4CA7F93E07A1}.Debug|Any CPU.Build.0 = Debug|Any CPU
		{A2A2F33C-9FFF-4CE4-A04C-4CA7F93E07A1}.Release|Any CPU.ActiveCfg = Release|Any CPU
		{A2A2F33C-9FFF-4CE4-A04C-4CA7F93E07A1}.Release|Any CPU.Build.0 = Release|Any CPU
		{B2CCDE0E-2B34-4723-969B-C6A65573DD3A}.Debug|Any CPU.ActiveCfg = Debug|Any CPU
		{B2CCDE0E-2B34-4723-969B-C6A65573DD3A}.Debug|Any CPU.Build.0 = Debug|Any CPU
		{B2CCDE0E-2B34-4723-969B-C6A65573DD3A}.Release|Any CPU.ActiveCfg = Release|Any CPU
		{B2CCDE0E-2B34-4723-969B-C6A65573DD3A}.Release|Any CPU.Build.0 = Release|Any CPU
		{5E0BE6F6-791E-4231-95D3-0486EC9E0959}.Debug|Any CPU.ActiveCfg = Debug|Any CPU
		{5E0BE6F6-791E-4231-95D3-0486EC9E0959}.Debug|Any CPU.Build.0 = Debug|Any CPU
		{5E0BE6F6-791E-4231-95D3-0486EC9E0959}.Release|Any CPU.ActiveCfg = Release|Any CPU
		{5E0BE6F6-791E-4231-95D3-0486EC9E0959}.Release|Any CPU.Build.0 = Release|Any CPU
		{D54CBBAE-BD9A-4585-8125-B0BA7305C77D}.Debug|Any CPU.ActiveCfg = Debug|Any CPU
		{D54CBBAE-BD9A-4585-8125-B0BA7305C77D}.Debug|Any CPU.Build.0 = Debug|Any CPU
		{D54CBBAE-BD9A-4585-8125-B0BA7305C77D}.Release|Any CPU.ActiveCfg = Release|Any CPU
		{D54CBBAE-BD9A-4585-8125-B0BA7305C77D}.Release|Any CPU.Build.0 = Release|Any CPU
		{770D878F-D159-4683-8744-02AB09104790}.Debug|Any CPU.ActiveCfg = Debug|Any CPU
		{770D878F-D159-4683-8744-02AB09104790}.Debug|Any CPU.Build.0 = Debug|Any CPU
		{770D878F-D159-4683-8744-02AB09104790}.Release|Any CPU.ActiveCfg = Release|Any CPU
		{770D878F-D159-4683-8744-02AB09104790}.Release|Any CPU.Build.0 = Release|Any CPU
		{6A49E4B5-6C8D-44FC-82E7-EDF338D8572D}.Debug|Any CPU.ActiveCfg = Debug|Any CPU
		{6A49E4B5-6C8D-44FC-82E7-EDF338D8572D}.Debug|Any CPU.Build.0 = Debug|Any CPU
		{6A49E4B5-6C8D-44FC-82E7-EDF338D8572D}.Release|Any CPU.ActiveCfg = Release|Any CPU
		{6A49E4B5-6C8D-44FC-82E7-EDF338D8572D}.Release|Any CPU.Build.0 = Release|Any CPU
		{565E977A-8E92-46E0-8F7C-369682DFDE7D}.Debug|Any CPU.ActiveCfg = Debug|Any CPU
		{565E977A-8E92-46E0-8F7C-369682DFDE7D}.Debug|Any CPU.Build.0 = Debug|Any CPU
		{565E977A-8E92-46E0-8F7C-369682DFDE7D}.Release|Any CPU.ActiveCfg = Release|Any CPU
		{565E977A-8E92-46E0-8F7C-369682DFDE7D}.Release|Any CPU.Build.0 = Release|Any CPU
		{F26CEDE4-F02D-4382-A6BD-49C0CB89D2AA}.Debug|Any CPU.ActiveCfg = Debug|Any CPU
		{F26CEDE4-F02D-4382-A6BD-49C0CB89D2AA}.Debug|Any CPU.Build.0 = Debug|Any CPU
		{F26CEDE4-F02D-4382-A6BD-49C0CB89D2AA}.Release|Any CPU.ActiveCfg = Release|Any CPU
		{F26CEDE4-F02D-4382-A6BD-49C0CB89D2AA}.Release|Any CPU.Build.0 = Release|Any CPU
		{34D156A3-5A7D-46C3-BF65-C4E2ED22A5AC}.Debug|Any CPU.ActiveCfg = Debug|Any CPU
		{34D156A3-5A7D-46C3-BF65-C4E2ED22A5AC}.Debug|Any CPU.Build.0 = Debug|Any CPU
		{34D156A3-5A7D-46C3-BF65-C4E2ED22A5AC}.Release|Any CPU.ActiveCfg = Release|Any CPU
		{34D156A3-5A7D-46C3-BF65-C4E2ED22A5AC}.Release|Any CPU.Build.0 = Release|Any CPU
		{EB0900AC-6FF6-401A-8E96-0811EB1FB210}.Debug|Any CPU.ActiveCfg = Debug|Any CPU
		{EB0900AC-6FF6-401A-8E96-0811EB1FB210}.Debug|Any CPU.Build.0 = Debug|Any CPU
		{EB0900AC-6FF6-401A-8E96-0811EB1FB210}.Release|Any CPU.ActiveCfg = Release|Any CPU
		{EB0900AC-6FF6-401A-8E96-0811EB1FB210}.Release|Any CPU.Build.0 = Release|Any CPU
		{1BFA088C-4F51-454A-9EA6-27590870E1F0}.Debug|Any CPU.ActiveCfg = Debug|Any CPU
		{1BFA088C-4F51-454A-9EA6-27590870E1F0}.Debug|Any CPU.Build.0 = Debug|Any CPU
		{1BFA088C-4F51-454A-9EA6-27590870E1F0}.Release|Any CPU.ActiveCfg = Release|Any CPU
		{1BFA088C-4F51-454A-9EA6-27590870E1F0}.Release|Any CPU.Build.0 = Release|Any CPU
		{7CF5945D-41B9-4B69-9F80-A59A2C9C7350}.Debug|Any CPU.ActiveCfg = Debug|Any CPU
		{7CF5945D-41B9-4B69-9F80-A59A2C9C7350}.Debug|Any CPU.Build.0 = Debug|Any CPU
		{7CF5945D-41B9-4B69-9F80-A59A2C9C7350}.Release|Any CPU.ActiveCfg = Release|Any CPU
		{7CF5945D-41B9-4B69-9F80-A59A2C9C7350}.Release|Any CPU.Build.0 = Release|Any CPU
		{852B965B-AF53-45A0-828D-F907EA6FD454}.Debug|Any CPU.ActiveCfg = Debug|Any CPU
		{852B965B-AF53-45A0-828D-F907EA6FD454}.Debug|Any CPU.Build.0 = Debug|Any CPU
		{852B965B-AF53-45A0-828D-F907EA6FD454}.Release|Any CPU.ActiveCfg = Release|Any CPU
		{852B965B-AF53-45A0-828D-F907EA6FD454}.Release|Any CPU.Build.0 = Release|Any CPU
		{5F6299F0-836B-45F3-A74E-E73112B024C9}.Debug|Any CPU.ActiveCfg = Debug|Any CPU
		{5F6299F0-836B-45F3-A74E-E73112B024C9}.Debug|Any CPU.Build.0 = Debug|Any CPU
		{5F6299F0-836B-45F3-A74E-E73112B024C9}.Release|Any CPU.ActiveCfg = Release|Any CPU
		{5F6299F0-836B-45F3-A74E-E73112B024C9}.Release|Any CPU.Build.0 = Release|Any CPU
		{54630022-CCAD-4CED-8089-10A1D2A780CD}.Debug|Any CPU.ActiveCfg = Debug|Any CPU
		{54630022-CCAD-4CED-8089-10A1D2A780CD}.Debug|Any CPU.Build.0 = Debug|Any CPU
		{54630022-CCAD-4CED-8089-10A1D2A780CD}.Release|Any CPU.ActiveCfg = Release|Any CPU
		{54630022-CCAD-4CED-8089-10A1D2A780CD}.Release|Any CPU.Build.0 = Release|Any CPU
		{1529A180-197B-4A1A-8E67-5A178CFACC1E}.Debug|Any CPU.ActiveCfg = Debug|Any CPU
		{1529A180-197B-4A1A-8E67-5A178CFACC1E}.Debug|Any CPU.Build.0 = Debug|Any CPU
		{1529A180-197B-4A1A-8E67-5A178CFACC1E}.Release|Any CPU.ActiveCfg = Release|Any CPU
		{1529A180-197B-4A1A-8E67-5A178CFACC1E}.Release|Any CPU.Build.0 = Release|Any CPU
		{F3E51F06-E951-404B-8B92-63382F470DB1}.Debug|Any CPU.ActiveCfg = Debug|Any CPU
		{F3E51F06-E951-404B-8B92-63382F470DB1}.Debug|Any CPU.Build.0 = Debug|Any CPU
		{F3E51F06-E951-404B-8B92-63382F470DB1}.Release|Any CPU.ActiveCfg = Release|Any CPU
		{F3E51F06-E951-404B-8B92-63382F470DB1}.Release|Any CPU.Build.0 = Release|Any CPU
		{E5A67B69-943A-4023-BE65-99362295BBDD}.Debug|Any CPU.ActiveCfg = Debug|Any CPU
		{E5A67B69-943A-4023-BE65-99362295BBDD}.Debug|Any CPU.Build.0 = Debug|Any CPU
		{E5A67B69-943A-4023-BE65-99362295BBDD}.Release|Any CPU.ActiveCfg = Release|Any CPU
		{E5A67B69-943A-4023-BE65-99362295BBDD}.Release|Any CPU.Build.0 = Release|Any CPU
		{326B11B2-2A9C-42F0-8DF3-D3257248E01A}.Debug|Any CPU.ActiveCfg = Debug|Any CPU
		{326B11B2-2A9C-42F0-8DF3-D3257248E01A}.Debug|Any CPU.Build.0 = Debug|Any CPU
		{326B11B2-2A9C-42F0-8DF3-D3257248E01A}.Release|Any CPU.ActiveCfg = Release|Any CPU
		{326B11B2-2A9C-42F0-8DF3-D3257248E01A}.Release|Any CPU.Build.0 = Release|Any CPU
	EndGlobalSection
	GlobalSection(SolutionProperties) = preSolution
		HideSolutionNode = FALSE
	EndGlobalSection
	GlobalSection(NestedProjects) = preSolution
		{EADB88BB-6DF6-40BA-B07E-CC5D16BF16BE} = {E2B83048-8094-420E-AFA7-AA8274A28A2F}
		{25385A6F-59C7-4765-B6BA-0401042B45CB} = {3F59D8A0-66B8-43AC-B3DC-CCCCAD8C0B5C}
		{DD69D969-0563-4889-8284-69F044941ECE} = {E2B83048-8094-420E-AFA7-AA8274A28A2F}
		{A2A2F33C-9FFF-4CE4-A04C-4CA7F93E07A1} = {3FC87C7D-F71A-4D97-9C0E-7A242C4A7A8E}
		{B2CCDE0E-2B34-4723-969B-C6A65573DD3A} = {3FC87C7D-F71A-4D97-9C0E-7A242C4A7A8E}
		{5E0BE6F6-791E-4231-95D3-0486EC9E0959} = {3FC87C7D-F71A-4D97-9C0E-7A242C4A7A8E}
		{D54CBBAE-BD9A-4585-8125-B0BA7305C77D} = {20DF9404-CEDD-448F-8BB2-68A28FF96123}
		{770D878F-D159-4683-8744-02AB09104790} = {20DF9404-CEDD-448F-8BB2-68A28FF96123}
		{6A49E4B5-6C8D-44FC-82E7-EDF338D8572D} = {20DF9404-CEDD-448F-8BB2-68A28FF96123}
		{565E977A-8E92-46E0-8F7C-369682DFDE7D} = {E2B83048-8094-420E-AFA7-AA8274A28A2F}
		{F26CEDE4-F02D-4382-A6BD-49C0CB89D2AA} = {1BE884B4-23B7-4124-93E6-9B9C30F751B4}
		{34D156A3-5A7D-46C3-BF65-C4E2ED22A5AC} = {E2B83048-8094-420E-AFA7-AA8274A28A2F}
		{EB0900AC-6FF6-401A-8E96-0811EB1FB210} = {05061FC2-A7DF-42F3-ADFD-9DC28994E97A}
		{1BFA088C-4F51-454A-9EA6-27590870E1F0} = {E2B83048-8094-420E-AFA7-AA8274A28A2F}
		{7CF5945D-41B9-4B69-9F80-A59A2C9C7350} = {E2B83048-8094-420E-AFA7-AA8274A28A2F}
		{852B965B-AF53-45A0-828D-F907EA6FD454} = {E2B83048-8094-420E-AFA7-AA8274A28A2F}
		{5F6299F0-836B-45F3-A74E-E73112B024C9} = {05061FC2-A7DF-42F3-ADFD-9DC28994E97A}
		{54630022-CCAD-4CED-8089-10A1D2A780CD} = {1BE884B4-23B7-4124-93E6-9B9C30F751B4}
		{1529A180-197B-4A1A-8E67-5A178CFACC1E} = {E2B83048-8094-420E-AFA7-AA8274A28A2F}
		{F3E51F06-E951-404B-8B92-63382F470DB1} = {E2B83048-8094-420E-AFA7-AA8274A28A2F}
		{E5A67B69-943A-4023-BE65-99362295BBDD} = {3F59D8A0-66B8-43AC-B3DC-CCCCAD8C0B5C}
		{326B11B2-2A9C-42F0-8DF3-D3257248E01A} = {3F59D8A0-66B8-43AC-B3DC-CCCCAD8C0B5C}
	EndGlobalSection
	GlobalSection(ExtensibilityGlobals) = postSolution
		SolutionGuid = {843D9FD7-3ABC-41CB-A7B0-6A4C72441BC9}
	EndGlobalSection
EndGlobal
