// !$*UTF8*$!
{
	archiveVersion = 1;
	classes = {
	};
	objectVersion = 46;
	objects = {
/* Begin PBXBuildFile section */
		0207DA581B56EA530066E2B4 /* Images.xcassets in Resources */ = {isa = PBXBuildFile; fileRef = 0207DA571B56EA530066E2B4 /* Images.xcassets */; };
		1D3623260D0F684500981E51 /* AppDelegate.m in Sources */ = {isa = PBXBuildFile; fileRef = 1D3623250D0F684500981E51 /* AppDelegate.m */; };
		1D60589B0D05DD56006BFB54 /* main.m in Sources */ = {isa = PBXBuildFile; fileRef = 29B97316FDCFA39411CA2CEA /* main.m */; };
		301BF552109A68D80062928A /* libCordova.a in Frameworks */ = {isa = PBXBuildFile; fileRef = 301BF535109A57CC0062928A /* libCordova.a */; settings = {ATTRIBUTES = (Required, ); }; };
		302D95F114D2391D003F00A1 /* MainViewController.m in Sources */ = {isa = PBXBuildFile; fileRef = 302D95EF14D2391D003F00A1 /* MainViewController.m */; };
		302D95F214D2391D003F00A1 /* MainViewController.xib in Resources */ = {isa = PBXBuildFile; fileRef = 302D95F014D2391D003F00A1 /* MainViewController.xib */; };
		6AFF5BF91D6E424B00AB3073 /* CDVLaunchScreen.storyboard in Resources */ = {isa = PBXBuildFile; fileRef = 6AFF5BF81D6E424B00AB3073 /* CDVLaunchScreen.storyboard */; };
		76DC14135B7845B29BDDEBE1 /* CDVDevice.m in Sources */ = {isa = PBXBuildFile; fileRef = 4BFF976F93CA45E29093B575 /* CDVDevice.m */; };
		AC25A258282B40F384BDB50E /* CDVIonicKeyboard.m in Sources */ = {isa = PBXBuildFile; fileRef = BE0D05577C084F9C9FDE092C /* CDVIonicKeyboard.m */; };
		CE104051C4F14D82A824A9B0 /* CDVWKWebViewEngine.m in Sources */ = {isa = PBXBuildFile; fileRef = 605BA38F280A484EA50FC649 /* CDVWKWebViewEngine.m */; };
		446BAF99DA6A46BD8D7924D9 /* CDVWKWebViewUIDelegate.m in Sources */ = {isa = PBXBuildFile; fileRef = 08E73E1E9B2847B38F19A9DD /* CDVWKWebViewUIDelegate.m */; };
		436396B506AD4FBC880D9D0C /* CDVWKProcessPoolFactory.m in Sources */ = {isa = PBXBuildFile; fileRef = E85CECAE3F114473BEABB43B /* CDVWKProcessPoolFactory.m */; };
		CE42DFA4EBBE43048AAA689D /* IONAssetHandler.m in Sources */ = {isa = PBXBuildFile; fileRef = 4F4B770F4DF540C39630ECE0 /* IONAssetHandler.m */; };
		041C0E240303455FB1268C76 /* WebKit.framework in Frameworks */ = {isa = PBXBuildFile; fileRef = D872A1EC317748E5B2C536CA /* WebKit.framework */; settings = {ATTRIBUTES = (Weak, ); }; };
		040DEDD4735C46459F3E5D56 /* CDVSplashScreen.m in Sources */ = {isa = PBXBuildFile; fileRef = 2B5640889AAB4725B08D4850 /* CDVSplashScreen.m */; };
		2EF4E8EE9C69425E814E60F7 /* CDVViewController+SplashScreen.m in Sources */ = {isa = PBXBuildFile; fileRef = 402DDD64EC4141159F37D826 /* CDVViewController+SplashScreen.m */; };
		9109E3B2F11C47B0BE0C0BB0 /* CDVStatusBar.m in Sources */ = {isa = PBXBuildFile; fileRef = 6E542399C4224A90A2E6B351 /* CDVStatusBar.m */; };
		68501761FCD64CC6BD158432 /* Toast+UIView.m in Sources */ = {isa = PBXBuildFile; fileRef = F2218548E9574C47961EFE47 /* Toast+UIView.m */; };
		41A68BF7E0234886926945F7 /* Toast.m in Sources */ = {isa = PBXBuildFile; fileRef = A1F2109DEC2A445590E1D646 /* Toast.m */; };
		63621A5F78F44D1A8038A255 /* QuartzCore.framework in Frameworks */ = {isa = PBXBuildFile; fileRef = FE7036256B264084A726CEEF /* QuartzCore.framework */; };
		04FB674AB8CA4ADBA5CB4AD6 /* SOSPicker.m in Sources */ = {isa = PBXBuildFile; fileRef = 6578C97294844D1BA644307A /* SOSPicker.m */; };
		3804CFBDADAF4283A329ADD6 /* UIImage+fixOrientation.m in Sources */ = {isa = PBXBuildFile; fileRef = CB55CEA68B704500B25DC123 /* UIImage+fixOrientation.m */; };
		9B9257800CBF4031BB0BF81E /* GMAlbumsViewCell.m in Sources */ = {isa = PBXBuildFile; fileRef = F6275AD4749541D7AA7F8CA0 /* GMAlbumsViewCell.m */; };
		E00CC5228183440BBF66EE7D /* GMAlbumsViewController.m in Sources */ = {isa = PBXBuildFile; fileRef = 8170D3FF966042DBA1CF7F0D /* GMAlbumsViewController.m */; };
		39407890A5A14750969DD510 /* GMFetchItem.m in Sources */ = {isa = PBXBuildFile; fileRef = 4729ED35A9CE4D3AB7E6E072 /* GMFetchItem.m */; };
		824F1629023647199013CDBD /* GMGridViewCell.m in Sources */ = {isa = PBXBuildFile; fileRef = 50BA471CA84248048BA4DA7D /* GMGridViewCell.m */; };
		AD2ACB6E1E334072BCA2EACA /* GMGridViewController.m in Sources */ = {isa = PBXBuildFile; fileRef = E489A44A5711477FAE073D83 /* GMGridViewController.m */; };
		125001988EB44358BBAE5542 /* GMImagePickerController.m in Sources */ = {isa = PBXBuildFile; fileRef = 4B3DC277088041E4A9B89BA7 /* GMImagePickerController.m */; };
		2DE5D9EDDEDA433BAAC660C6 /* PSYBlockTimer.m in Sources */ = {isa = PBXBuildFile; fileRef = 4E81DAACF1BF4AB1A705698A /* PSYBlockTimer.m */; };
		A77222DCFE474969927AB6D0 /* GMPHAsset.m in Sources */ = {isa = PBXBuildFile; fileRef = 02E65E542F654EAC9C28F0F1 /* GMPHAsset.m */; };
		FB1174CE72824E49AA3BF4A1 /* GMEmptyFolder@1x.png in Resources */ = {isa = PBXBuildFile; fileRef = 9B1E18CBFB264F779FC720C0 /* GMEmptyFolder@1x.png */; };
		2DE3FFB1AA7A45208D7AEFAB /* GMEmptyFolder@2x.png in Resources */ = {isa = PBXBuildFile; fileRef = 4CCA4671BBEE481FBD4B0FAE /* GMEmptyFolder@2x.png */; };
		5B2CCAEBF2164ACB80DB1E09 /* GMSelected.png in Resources */ = {isa = PBXBuildFile; fileRef = F8D0F9E1CB33483B87446E69 /* GMSelected.png */; };
		64F6277DB457425583CE3EB9 /* GMSelected@2x.png in Resources */ = {isa = PBXBuildFile; fileRef = E4015BDCDBAE493EABA6EE2D /* GMSelected@2x.png */; };
		27B3E669D1EB4C5A84EFB8AD /* GMVideoIcon.png in Resources */ = {isa = PBXBuildFile; fileRef = 256D8A88A56C49A5B69A67A4 /* GMVideoIcon.png */; };
		A580A4B269314029A7383D4F /* GMVideoIcon@2x.png in Resources */ = {isa = PBXBuildFile; fileRef = C002A77E47174E54A70E1054 /* GMVideoIcon@2x.png */; };
		AA527AE1C162424B899E2718 /* ca.lproj in Resources */ = {isa = PBXBuildFile; fileRef = 752A339491C247BCA3AE465A /* ca.lproj */; };
		2A6FBE833D57462EB0D60476 /* de.lproj in Resources */ = {isa = PBXBuildFile; fileRef = C87997806445410F9D5612CD /* de.lproj */; };
		BE1A23D7AB3C4D8889CCDC93 /* en.lproj in Resources */ = {isa = PBXBuildFile; fileRef = 8E0B377D084F40BFAA058E2D /* en.lproj */; };
		5AEE1E65B0E44351B9B89CC1 /* es.lproj in Resources */ = {isa = PBXBuildFile; fileRef = 980B7BC39338438BA0B2ACCC /* es.lproj */; };
		039EF5E04486471582435D4F /* fr.lproj in Resources */ = {isa = PBXBuildFile; fileRef = 4BAAF2A1BFAA4A508CFED79C /* fr.lproj */; };
		83A384C4D1DD46818A8E30B6 /* it.lproj in Resources */ = {isa = PBXBuildFile; fileRef = 07032167037D4E4299DAEA87 /* it.lproj */; };
		9C8848DA9C15424499A81AC7 /* pt.lproj in Resources */ = {isa = PBXBuildFile; fileRef = 8E08AC24554446BF94F566AB /* pt.lproj */; };
		805EE53A88524F5CA6CD8945 /* pl.lproj in Resources */ = {isa = PBXBuildFile; fileRef = 481409418EA148A79F67BBFB /* pl.lproj */; };
		3FA11CDE5ECF4AE3B1F2A9BD /* zh-Hans.lproj in Resources */ = {isa = PBXBuildFile; fileRef = 9955FD5813234686BF3780FD /* zh-Hans.lproj */; };
		E0101D2927A44F749733F63E /* Accelerate.framework in Frameworks */ = {isa = PBXBuildFile; fileRef = 3200181BD5BC436C83157241 /* Accelerate.framework */; };
		DAB3C97B6F084554BC294619 /* Security.framework in Frameworks */ = {isa = PBXBuildFile; fileRef = 811B8AA00E514EC3998BCEC4 /* Security.framework */; };
		A05F7D2696A341AFB60A4978 /* Photos.framework in Frameworks */ = {isa = PBXBuildFile; fileRef = 6D2BDA674D1D4DC0A5446742 /* Photos.framework */; };
		4734D0B5F4D64EBDB9629CC7 /* SystemConfiguration.framework in Frameworks */ = {isa = PBXBuildFile; fileRef = 3770302608EE4A92B42A157B /* SystemConfiguration.framework */; };
		89223F9A11644FACB4874765 /* CDVFile.m in Sources */ = {isa = PBXBuildFile; fileRef = 779A541E8E3542B9BC45DD1E /* CDVFile.m */; };
		A344E359DB9C48EDB5E018FB /* CDVLocalFilesystem.m in Sources */ = {isa = PBXBuildFile; fileRef = EE68BD497B734F68878FB34E /* CDVLocalFilesystem.m */; };
		6BFE28FA3B3B420BB03849FF /* CDVAssetLibraryFilesystem.m in Sources */ = {isa = PBXBuildFile; fileRef = 1866AF16641A4D5E87937F27 /* CDVAssetLibraryFilesystem.m */; };
		DB3D5CA3B62C46EEB3D90638 /* CDVFileTransfer.m in Sources */ = {isa = PBXBuildFile; fileRef = C2EBDF6E481947A6B9E8D293 /* CDVFileTransfer.m */; };
/* End PBXBuildFile section */

/* Begin PBXContainerItemProxy section */
		301BF534109A57CC0062928A /* PBXContainerItemProxy */ = {
			isa = PBXContainerItemProxy;
			containerPortal = 301BF52D109A57CC0062928A /* CordovaLib.xcodeproj */;
			proxyType = 2;
			remoteGlobalIDString = D2AAC07E0554694100DB518D;
			remoteInfo = CordovaLib;
		};
		301BF550109A68C00062928A /* PBXContainerItemProxy */ = {
			isa = PBXContainerItemProxy;
			containerPortal = 301BF52D109A57CC0062928A /* CordovaLib.xcodeproj */;
			proxyType = 1;
			remoteGlobalIDString = D2AAC07D0554694100DB518D;
			remoteInfo = CordovaLib;
		};
		907D8123214C687600058A10 /* PBXContainerItemProxy */ = {
			isa = PBXContainerItemProxy;
			containerPortal = 301BF52D109A57CC0062928A /* CordovaLib.xcodeproj */;
			proxyType = 2;
			remoteGlobalIDString = C0C01EB21E3911D50056E6CB;
			remoteInfo = Cordova;
		};
/* End PBXContainerItemProxy section */

/* Begin PBXFileReference section */
		0207DA571B56EA530066E2B4 /* Images.xcassets */ = {isa = PBXFileReference; lastKnownFileType = folder.assetcatalog; name = Images.xcassets; path = "MyApp/Images.xcassets"; sourceTree = SOURCE_ROOT; };
		1D3623240D0F684500981E51 /* AppDelegate.h */ = {isa = PBXFileReference; fileEncoding = 4; lastKnownFileType = sourcecode.c.h; path = AppDelegate.h; sourceTree = "<group>"; };
		1D3623250D0F684500981E51 /* AppDelegate.m */ = {isa = PBXFileReference; fileEncoding = 4; lastKnownFileType = sourcecode.c.objc; path = AppDelegate.m; sourceTree = "<group>"; };
		1D6058910D05DD3D006BFB54 /* MyApp.app */ = {isa = PBXFileReference; explicitFileType = wrapper.application; includeInIndex = 0; path = "MyApp.app"; sourceTree = BUILT_PRODUCTS_DIR; };
		29B97316FDCFA39411CA2CEA /* main.m */ = {isa = PBXFileReference; fileEncoding = 4; lastKnownFileType = sourcecode.c.objc; path = main.m; sourceTree = "<group>"; };
		301BF52D109A57CC0062928A /* CordovaLib.xcodeproj */ = {isa = PBXFileReference; lastKnownFileType = "wrapper.pb-project"; path = CordovaLib/CordovaLib.xcodeproj; sourceTree = "<group>"; };
		301BF56E109A69640062928A /* www */ = {isa = PBXFileReference; lastKnownFileType = folder; path = www; sourceTree = SOURCE_ROOT; };
		302D95EE14D2391D003F00A1 /* MainViewController.h */ = {isa = PBXFileReference; fileEncoding = 4; lastKnownFileType = sourcecode.c.h; path = MainViewController.h; sourceTree = "<group>"; };
		302D95EF14D2391D003F00A1 /* MainViewController.m */ = {isa = PBXFileReference; fileEncoding = 4; lastKnownFileType = sourcecode.c.objc; path = MainViewController.m; sourceTree = "<group>"; };
		302D95F014D2391D003F00A1 /* MainViewController.xib */ = {isa = PBXFileReference; fileEncoding = 4; lastKnownFileType = file.xib; path = MainViewController.xib; sourceTree = "<group>"; };
		3047A50F1AB8059700498E2A /* build-debug.xcconfig */ = {isa = PBXFileReference; fileEncoding = 4; lastKnownFileType = text.xcconfig; name = "build-debug.xcconfig"; path = "cordova/build-debug.xcconfig"; sourceTree = SOURCE_ROOT; };
		3047A5101AB8059700498E2A /* build-release.xcconfig */ = {isa = PBXFileReference; fileEncoding = 4; lastKnownFileType = text.xcconfig; name = "build-release.xcconfig"; path = "cordova/build-release.xcconfig"; sourceTree = SOURCE_ROOT; };
		3047A5111AB8059700498E2A /* build.xcconfig */ = {isa = PBXFileReference; fileEncoding = 4; lastKnownFileType = text.xcconfig; name = build.xcconfig; path = cordova/build.xcconfig; sourceTree = SOURCE_ROOT; };
		32CA4F630368D1EE00C91783 /* MyApp-Prefix.pch */ = {isa = PBXFileReference; fileEncoding = 4; lastKnownFileType = sourcecode.c.h; path = "MyApp-Prefix.pch"; sourceTree = "<group>"; };
		6AFF5BF81D6E424B00AB3073 /* CDVLaunchScreen.storyboard */ = {isa = PBXFileReference; fileEncoding = 4; lastKnownFileType = file.storyboard; name = CDVLaunchScreen.storyboard; path = "MyApp/CDVLaunchScreen.storyboard"; sourceTree = SOURCE_ROOT; };
		8D1107310486CEB800E47090 /* MyApp-Info.plist */ = {isa = PBXFileReference; fileEncoding = 4; lastKnownFileType = text.plist.xml; name = "MyApp-Info.plist"; path = "MyApp/MyApp-Info.plist"; plistStructureDefinitionIdentifier = "com.apple.xcode.plist.structure-definition.iphone.info-plist"; sourceTree = SOURCE_ROOT; };
		EB87FDF31871DA8E0020F90C /* www */ = {isa = PBXFileReference; lastKnownFileType = folder; name = www; path = ../../www; sourceTree = "<group>"; };
		EB87FDF41871DAF40020F90C /* config.xml */ = {isa = PBXFileReference; lastKnownFileType = text.xml; name = config.xml; path = ../../config.xml; sourceTree = "<group>"; };
		ED33DF2A687741AEAF9F8254 /* Bridging-Header.h */ = {isa = PBXFileReference; fileEncoding = 4; lastKnownFileType = sourcecode.c.h; name = "Bridging-Header.h"; path = "Bridging-Header.h"; sourceTree = "<group>"; };
		F840E1F0165FE0F500CFE078 /* config.xml */ = {isa = PBXFileReference; lastKnownFileType = text.xml; name = config.xml; path = "MyApp/config.xml"; sourceTree = "<group>"; };
		4BFF976F93CA45E29093B575 /* CDVDevice.m */ = {isa = PBXFileReference; name = "CDVDevice.m"; path = "cordova-plugin-device/CDVDevice.m"; sourceTree = "<group>"; fileEncoding = 4; lastKnownFileType = sourcecode.c.objc; explicitFileType = undefined; includeInIndex = 0; };
		ABB05D39EE604E86AAB867BF /* CDVDevice.h */ = {isa = PBXFileReference; name = "CDVDevice.h"; path = "cordova-plugin-device/CDVDevice.h"; sourceTree = "<group>"; fileEncoding = 4; lastKnownFileType = sourcecode.c.h; explicitFileType = undefined; includeInIndex = 0; };
		BE0D05577C084F9C9FDE092C /* CDVIonicKeyboard.m */ = {isa = PBXFileReference; name = "CDVIonicKeyboard.m"; path = "cordova-plugin-ionic-keyboard/CDVIonicKeyboard.m"; sourceTree = "<group>"; fileEncoding = 4; lastKnownFileType = sourcecode.c.objc; explicitFileType = undefined; includeInIndex = 0; };
		D841F1C2EDE04469AA01DA12 /* CDVIonicKeyboard.h */ = {isa = PBXFileReference; name = "CDVIonicKeyboard.h"; path = "cordova-plugin-ionic-keyboard/CDVIonicKeyboard.h"; sourceTree = "<group>"; fileEncoding = 4; lastKnownFileType = sourcecode.c.h; explicitFileType = undefined; includeInIndex = 0; };
		605BA38F280A484EA50FC649 /* CDVWKWebViewEngine.m */ = {isa = PBXFileReference; name = "CDVWKWebViewEngine.m"; path = "cordova-plugin-ionic-webview/CDVWKWebViewEngine.m"; sourceTree = "<group>"; fileEncoding = 4; lastKnownFileType = sourcecode.c.objc; explicitFileType = undefined; includeInIndex = 0; };
		08E73E1E9B2847B38F19A9DD /* CDVWKWebViewUIDelegate.m */ = {isa = PBXFileReference; name = "CDVWKWebViewUIDelegate.m"; path = "cordova-plugin-ionic-webview/CDVWKWebViewUIDelegate.m"; sourceTree = "<group>"; fileEncoding = 4; lastKnownFileType = sourcecode.c.objc; explicitFileType = undefined; includeInIndex = 0; };
		E85CECAE3F114473BEABB43B /* CDVWKProcessPoolFactory.m */ = {isa = PBXFileReference; name = "CDVWKProcessPoolFactory.m"; path = "cordova-plugin-ionic-webview/CDVWKProcessPoolFactory.m"; sourceTree = "<group>"; fileEncoding = 4; lastKnownFileType = sourcecode.c.objc; explicitFileType = undefined; includeInIndex = 0; };
		4F4B770F4DF540C39630ECE0 /* IONAssetHandler.m */ = {isa = PBXFileReference; name = "IONAssetHandler.m"; path = "cordova-plugin-ionic-webview/IONAssetHandler.m"; sourceTree = "<group>"; fileEncoding = 4; lastKnownFileType = sourcecode.c.objc; explicitFileType = undefined; includeInIndex = 0; };
		9F35C180515D4E7E9FB35224 /* CDVWKWebViewEngine.h */ = {isa = PBXFileReference; name = "CDVWKWebViewEngine.h"; path = "cordova-plugin-ionic-webview/CDVWKWebViewEngine.h"; sourceTree = "<group>"; fileEncoding = 4; lastKnownFileType = sourcecode.c.h; explicitFileType = undefined; includeInIndex = 0; };
		6DEF8361412447B18C5FBECB /* CDVWKWebViewUIDelegate.h */ = {isa = PBXFileReference; name = "CDVWKWebViewUIDelegate.h"; path = "cordova-plugin-ionic-webview/CDVWKWebViewUIDelegate.h"; sourceTree = "<group>"; fileEncoding = 4; lastKnownFileType = sourcecode.c.h; explicitFileType = undefined; includeInIndex = 0; };
		B5B70821D9414AB58EB7C8F4 /* CDVWKProcessPoolFactory.h */ = {isa = PBXFileReference; name = "CDVWKProcessPoolFactory.h"; path = "cordova-plugin-ionic-webview/CDVWKProcessPoolFactory.h"; sourceTree = "<group>"; fileEncoding = 4; lastKnownFileType = sourcecode.c.h; explicitFileType = undefined; includeInIndex = 0; };
		9FA0CAB6529F4D078F4407C3 /* IONAssetHandler.h */ = {isa = PBXFileReference; name = "IONAssetHandler.h"; path = "cordova-plugin-ionic-webview/IONAssetHandler.h"; sourceTree = "<group>"; fileEncoding = 4; lastKnownFileType = sourcecode.c.h; explicitFileType = undefined; includeInIndex = 0; };
		D872A1EC317748E5B2C536CA /* WebKit.framework */ = {isa = PBXFileReference; name = "WebKit.framework"; path = "System/Library/Frameworks/WebKit.framework"; sourceTree = SDKROOT; fileEncoding = undefined; lastKnownFileType = wrapper.framework; explicitFileType = undefined; includeInIndex = 0; };
		2B5640889AAB4725B08D4850 /* CDVSplashScreen.m */ = {isa = PBXFileReference; name = "CDVSplashScreen.m"; path = "cordova-plugin-splashscreen/CDVSplashScreen.m"; sourceTree = "<group>"; fileEncoding = 4; lastKnownFileType = sourcecode.c.objc; explicitFileType = undefined; includeInIndex = 0; };
		402DDD64EC4141159F37D826 /* CDVViewController+SplashScreen.m */ = {isa = PBXFileReference; name = "CDVViewController+SplashScreen.m"; path = "cordova-plugin-splashscreen/CDVViewController+SplashScreen.m"; sourceTree = "<group>"; fileEncoding = 4; lastKnownFileType = sourcecode.c.objc; explicitFileType = undefined; includeInIndex = 0; };
		82C63FD8EC164172A3A45DFA /* CDVSplashScreen.h */ = {isa = PBXFileReference; name = "CDVSplashScreen.h"; path = "cordova-plugin-splashscreen/CDVSplashScreen.h"; sourceTree = "<group>"; fileEncoding = 4; lastKnownFileType = sourcecode.c.h; explicitFileType = undefined; includeInIndex = 0; };
		A938D395EAFE4267BD8ED080 /* CDVViewController+SplashScreen.h */ = {isa = PBXFileReference; name = "CDVViewController+SplashScreen.h"; path = "cordova-plugin-splashscreen/CDVViewController+SplashScreen.h"; sourceTree = "<group>"; fileEncoding = 4; lastKnownFileType = sourcecode.c.h; explicitFileType = undefined; includeInIndex = 0; };
		6E542399C4224A90A2E6B351 /* CDVStatusBar.m */ = {isa = PBXFileReference; name = "CDVStatusBar.m"; path = "cordova-plugin-statusbar/CDVStatusBar.m"; sourceTree = "<group>"; fileEncoding = 4; lastKnownFileType = sourcecode.c.objc; explicitFileType = undefined; includeInIndex = 0; };
		06D3766E4D7C41F69231694B /* CDVStatusBar.h */ = {isa = PBXFileReference; name = "CDVStatusBar.h"; path = "cordova-plugin-statusbar/CDVStatusBar.h"; sourceTree = "<group>"; fileEncoding = 4; lastKnownFileType = sourcecode.c.h; explicitFileType = undefined; includeInIndex = 0; };
		F2218548E9574C47961EFE47 /* Toast+UIView.m */ = {isa = PBXFileReference; name = "Toast+UIView.m"; path = "cordova-plugin-x-toast/Toast+UIView.m"; sourceTree = "<group>"; fileEncoding = 4; lastKnownFileType = sourcecode.c.objc; explicitFileType = undefined; includeInIndex = 0; };
		A1F2109DEC2A445590E1D646 /* Toast.m */ = {isa = PBXFileReference; name = "Toast.m"; path = "cordova-plugin-x-toast/Toast.m"; sourceTree = "<group>"; fileEncoding = 4; lastKnownFileType = sourcecode.c.objc; explicitFileType = undefined; includeInIndex = 0; };
		BDB29B46B85B44C29BBDF0B2 /* Toast+UIView.h */ = {isa = PBXFileReference; name = "Toast+UIView.h"; path = "cordova-plugin-x-toast/Toast+UIView.h"; sourceTree = "<group>"; fileEncoding = 4; lastKnownFileType = sourcecode.c.h; explicitFileType = undefined; includeInIndex = 0; };
		D0FF5003A5DB4F9FAA8300A5 /* Toast.h */ = {isa = PBXFileReference; name = "Toast.h"; path = "cordova-plugin-x-toast/Toast.h"; sourceTree = "<group>"; fileEncoding = 4; lastKnownFileType = sourcecode.c.h; explicitFileType = undefined; includeInIndex = 0; };
		FE7036256B264084A726CEEF /* QuartzCore.framework */ = {isa = PBXFileReference; name = "QuartzCore.framework"; path = "System/Library/Frameworks/QuartzCore.framework"; sourceTree = SDKROOT; fileEncoding = undefined; lastKnownFileType = wrapper.framework; explicitFileType = undefined; includeInIndex = 0; };
		6578C97294844D1BA644307A /* SOSPicker.m */ = {isa = PBXFileReference; name = "SOSPicker.m"; path = "cordova-plugin-telerik-imagepicker/SOSPicker.m"; sourceTree = "<group>"; fileEncoding = 4; lastKnownFileType = sourcecode.c.objc; explicitFileType = undefined; includeInIndex = 0; };
		CB55CEA68B704500B25DC123 /* UIImage+fixOrientation.m */ = {isa = PBXFileReference; name = "UIImage+fixOrientation.m"; path = "cordova-plugin-telerik-imagepicker/UIImage+fixOrientation.m"; sourceTree = "<group>"; fileEncoding = 4; lastKnownFileType = sourcecode.c.objc; explicitFileType = undefined; includeInIndex = 0; };
		F6275AD4749541D7AA7F8CA0 /* GMAlbumsViewCell.m */ = {isa = PBXFileReference; name = "GMAlbumsViewCell.m"; path = "cordova-plugin-telerik-imagepicker/GMAlbumsViewCell.m"; sourceTree = "<group>"; fileEncoding = 4; lastKnownFileType = sourcecode.c.objc; explicitFileType = undefined; includeInIndex = 0; };
		8170D3FF966042DBA1CF7F0D /* GMAlbumsViewController.m */ = {isa = PBXFileReference; name = "GMAlbumsViewController.m"; path = "cordova-plugin-telerik-imagepicker/GMAlbumsViewController.m"; sourceTree = "<group>"; fileEncoding = 4; lastKnownFileType = sourcecode.c.objc; explicitFileType = undefined; includeInIndex = 0; };
		4729ED35A9CE4D3AB7E6E072 /* GMFetchItem.m */ = {isa = PBXFileReference; name = "GMFetchItem.m"; path = "cordova-plugin-telerik-imagepicker/GMFetchItem.m"; sourceTree = "<group>"; fileEncoding = 4; lastKnownFileType = sourcecode.c.objc; explicitFileType = undefined; includeInIndex = 0; };
		50BA471CA84248048BA4DA7D /* GMGridViewCell.m */ = {isa = PBXFileReference; name = "GMGridViewCell.m"; path = "cordova-plugin-telerik-imagepicker/GMGridViewCell.m"; sourceTree = "<group>"; fileEncoding = 4; lastKnownFileType = sourcecode.c.objc; explicitFileType = undefined; includeInIndex = 0; };
		E489A44A5711477FAE073D83 /* GMGridViewController.m */ = {isa = PBXFileReference; name = "GMGridViewController.m"; path = "cordova-plugin-telerik-imagepicker/GMGridViewController.m"; sourceTree = "<group>"; fileEncoding = 4; lastKnownFileType = sourcecode.c.objc; explicitFileType = undefined; includeInIndex = 0; };
		4B3DC277088041E4A9B89BA7 /* GMImagePickerController.m */ = {isa = PBXFileReference; name = "GMImagePickerController.m"; path = "cordova-plugin-telerik-imagepicker/GMImagePickerController.m"; sourceTree = "<group>"; fileEncoding = 4; lastKnownFileType = sourcecode.c.objc; explicitFileType = undefined; includeInIndex = 0; };
		4E81DAACF1BF4AB1A705698A /* PSYBlockTimer.m */ = {isa = PBXFileReference; name = "PSYBlockTimer.m"; path = "cordova-plugin-telerik-imagepicker/PSYBlockTimer.m"; sourceTree = "<group>"; fileEncoding = 4; lastKnownFileType = sourcecode.c.objc; explicitFileType = undefined; includeInIndex = 0; };
		02E65E542F654EAC9C28F0F1 /* GMPHAsset.m */ = {isa = PBXFileReference; name = "GMPHAsset.m"; path = "cordova-plugin-telerik-imagepicker/GMPHAsset.m"; sourceTree = "<group>"; fileEncoding = 4; lastKnownFileType = sourcecode.c.objc; explicitFileType = undefined; includeInIndex = 0; };
		F97625E61A71444DA7CBE743 /* SOSPicker.h */ = {isa = PBXFileReference; name = "SOSPicker.h"; path = "cordova-plugin-telerik-imagepicker/SOSPicker.h"; sourceTree = "<group>"; fileEncoding = 4; lastKnownFileType = sourcecode.c.h; explicitFileType = undefined; includeInIndex = 0; };
		459057FA519C42A68DBCAF34 /* UIImage+fixOrientation.h */ = {isa = PBXFileReference; name = "UIImage+fixOrientation.h"; path = "cordova-plugin-telerik-imagepicker/UIImage+fixOrientation.h"; sourceTree = "<group>"; fileEncoding = 4; lastKnownFileType = sourcecode.c.h; explicitFileType = undefined; includeInIndex = 0; };
		D732B5FC7194437F801DB7AB /* GMAlbumsViewCell.h */ = {isa = PBXFileReference; name = "GMAlbumsViewCell.h"; path = "cordova-plugin-telerik-imagepicker/GMAlbumsViewCell.h"; sourceTree = "<group>"; fileEncoding = 4; lastKnownFileType = sourcecode.c.h; explicitFileType = undefined; includeInIndex = 0; };
		6E97381D675B4A85B2012322 /* GMAlbumsViewController.h */ = {isa = PBXFileReference; name = "GMAlbumsViewController.h"; path = "cordova-plugin-telerik-imagepicker/GMAlbumsViewController.h"; sourceTree = "<group>"; fileEncoding = 4; lastKnownFileType = sourcecode.c.h; explicitFileType = undefined; includeInIndex = 0; };
		D30A445E6E2B4FF88AC2BCD0 /* GMFetchItem.h */ = {isa = PBXFileReference; name = "GMFetchItem.h"; path = "cordova-plugin-telerik-imagepicker/GMFetchItem.h"; sourceTree = "<group>"; fileEncoding = 4; lastKnownFileType = sourcecode.c.h; explicitFileType = undefined; includeInIndex = 0; };
		710C5691BAC74F95BDA7B16A /* GMGridViewCell.h */ = {isa = PBXFileReference; name = "GMGridViewCell.h"; path = "cordova-plugin-telerik-imagepicker/GMGridViewCell.h"; sourceTree = "<group>"; fileEncoding = 4; lastKnownFileType = sourcecode.c.h; explicitFileType = undefined; includeInIndex = 0; };
		6E6B75F7186D4D09B22BD861 /* GMGridViewController.h */ = {isa = PBXFileReference; name = "GMGridViewController.h"; path = "cordova-plugin-telerik-imagepicker/GMGridViewController.h"; sourceTree = "<group>"; fileEncoding = 4; lastKnownFileType = sourcecode.c.h; explicitFileType = undefined; includeInIndex = 0; };
		E3396B7647EA404DB3DDD3AD /* GMImagePickerController.h */ = {isa = PBXFileReference; name = "GMImagePickerController.h"; path = "cordova-plugin-telerik-imagepicker/GMImagePickerController.h"; sourceTree = "<group>"; fileEncoding = 4; lastKnownFileType = sourcecode.c.h; explicitFileType = undefined; includeInIndex = 0; };
		CF18A9F7BB3D4FE19324E851 /* PSYBlockTimer.h */ = {isa = PBXFileReference; name = "PSYBlockTimer.h"; path = "cordova-plugin-telerik-imagepicker/PSYBlockTimer.h"; sourceTree = "<group>"; fileEncoding = 4; lastKnownFileType = sourcecode.c.h; explicitFileType = undefined; includeInIndex = 0; };
		CBDBAF9D1E6943BF81A1E400 /* GMPHAsset.h */ = {isa = PBXFileReference; name = "GMPHAsset.h"; path = "cordova-plugin-telerik-imagepicker/GMPHAsset.h"; sourceTree = "<group>"; fileEncoding = 4; lastKnownFileType = sourcecode.c.h; explicitFileType = undefined; includeInIndex = 0; };
		9B1E18CBFB264F779FC720C0 /* GMEmptyFolder@1x.png */ = {isa = PBXFileReference; name = "GMEmptyFolder@1x.png"; path = "GMEmptyFolder@1x.png"; sourceTree = "<group>"; fileEncoding = undefined; lastKnownFileType = unknown; explicitFileType = undefined; includeInIndex = 0; };
		4CCA4671BBEE481FBD4B0FAE /* GMEmptyFolder@2x.png */ = {isa = PBXFileReference; name = "GMEmptyFolder@2x.png"; path = "GMEmptyFolder@2x.png"; sourceTree = "<group>"; fileEncoding = undefined; lastKnownFileType = unknown; explicitFileType = undefined; includeInIndex = 0; };
		F8D0F9E1CB33483B87446E69 /* GMSelected.png */ = {isa = PBXFileReference; name = "GMSelected.png"; path = "GMSelected.png"; sourceTree = "<group>"; fileEncoding = undefined; lastKnownFileType = unknown; explicitFileType = undefined; includeInIndex = 0; };
		E4015BDCDBAE493EABA6EE2D /* GMSelected@2x.png */ = {isa = PBXFileReference; name = "GMSelected@2x.png"; path = "GMSelected@2x.png"; sourceTree = "<group>"; fileEncoding = undefined; lastKnownFileType = unknown; explicitFileType = undefined; includeInIndex = 0; };
		256D8A88A56C49A5B69A67A4 /* GMVideoIcon.png */ = {isa = PBXFileReference; name = "GMVideoIcon.png"; path = "GMVideoIcon.png"; sourceTree = "<group>"; fileEncoding = undefined; lastKnownFileType = unknown; explicitFileType = undefined; includeInIndex = 0; };
		C002A77E47174E54A70E1054 /* GMVideoIcon@2x.png */ = {isa = PBXFileReference; name = "GMVideoIcon@2x.png"; path = "GMVideoIcon@2x.png"; sourceTree = "<group>"; fileEncoding = undefined; lastKnownFileType = unknown; explicitFileType = undefined; includeInIndex = 0; };
		752A339491C247BCA3AE465A /* ca.lproj */ = {isa = PBXFileReference; name = "ca.lproj"; path = "ca.lproj"; sourceTree = "<group>"; fileEncoding = undefined; lastKnownFileType = unknown; explicitFileType = undefined; includeInIndex = 0; };
		C87997806445410F9D5612CD /* de.lproj */ = {isa = PBXFileReference; name = "de.lproj"; path = "de.lproj"; sourceTree = "<group>"; fileEncoding = undefined; lastKnownFileType = unknown; explicitFileType = undefined; includeInIndex = 0; };
		8E0B377D084F40BFAA058E2D /* en.lproj */ = {isa = PBXFileReference; name = "en.lproj"; path = "en.lproj"; sourceTree = "<group>"; fileEncoding = undefined; lastKnownFileType = unknown; explicitFileType = undefined; includeInIndex = 0; };
		980B7BC39338438BA0B2ACCC /* es.lproj */ = {isa = PBXFileReference; name = "es.lproj"; path = "es.lproj"; sourceTree = "<group>"; fileEncoding = undefined; lastKnownFileType = unknown; explicitFileType = undefined; includeInIndex = 0; };
		4BAAF2A1BFAA4A508CFED79C /* fr.lproj */ = {isa = PBXFileReference; name = "fr.lproj"; path = "fr.lproj"; sourceTree = "<group>"; fileEncoding = undefined; lastKnownFileType = unknown; explicitFileType = undefined; includeInIndex = 0; };
		07032167037D4E4299DAEA87 /* it.lproj */ = {isa = PBXFileReference; name = "it.lproj"; path = "it.lproj"; sourceTree = "<group>"; fileEncoding = undefined; lastKnownFileType = unknown; explicitFileType = undefined; includeInIndex = 0; };
		8E08AC24554446BF94F566AB /* pt.lproj */ = {isa = PBXFileReference; name = "pt.lproj"; path = "pt.lproj"; sourceTree = "<group>"; fileEncoding = undefined; lastKnownFileType = unknown; explicitFileType = undefined; includeInIndex = 0; };
		481409418EA148A79F67BBFB /* pl.lproj */ = {isa = PBXFileReference; name = "pl.lproj"; path = "pl.lproj"; sourceTree = "<group>"; fileEncoding = undefined; lastKnownFileType = unknown; explicitFileType = undefined; includeInIndex = 0; };
		9955FD5813234686BF3780FD /* zh-Hans.lproj */ = {isa = PBXFileReference; name = "zh-Hans.lproj"; path = "zh-Hans.lproj"; sourceTree = "<group>"; fileEncoding = undefined; lastKnownFileType = unknown; explicitFileType = undefined; includeInIndex = 0; };
		3200181BD5BC436C83157241 /* Accelerate.framework */ = {isa = PBXFileReference; name = "Accelerate.framework"; path = "System/Library/Frameworks/Accelerate.framework"; sourceTree = SDKROOT; fileEncoding = undefined; lastKnownFileType = wrapper.framework; explicitFileType = undefined; includeInIndex = 0; };
		811B8AA00E514EC3998BCEC4 /* Security.framework */ = {isa = PBXFileReference; name = "Security.framework"; path = "System/Library/Frameworks/Security.framework"; sourceTree = SDKROOT; fileEncoding = undefined; lastKnownFileType = wrapper.framework; explicitFileType = undefined; includeInIndex = 0; };
		6D2BDA674D1D4DC0A5446742 /* Photos.framework */ = {isa = PBXFileReference; name = "Photos.framework"; path = "System/Library/Frameworks/Photos.framework"; sourceTree = SDKROOT; fileEncoding = undefined; lastKnownFileType = wrapper.framework; explicitFileType = undefined; includeInIndex = 0; };
		3770302608EE4A92B42A157B /* SystemConfiguration.framework */ = {isa = PBXFileReference; name = "SystemConfiguration.framework"; path = "System/Library/Frameworks/SystemConfiguration.framework"; sourceTree = SDKROOT; fileEncoding = undefined; lastKnownFileType = wrapper.framework; explicitFileType = undefined; includeInIndex = 0; };
		779A541E8E3542B9BC45DD1E /* CDVFile.m */ = {isa = PBXFileReference; name = "CDVFile.m"; path = "cordova-plugin-file/CDVFile.m"; sourceTree = "<group>"; fileEncoding = 4; lastKnownFileType = sourcecode.c.objc; explicitFileType = undefined; includeInIndex = 0; };
		EE68BD497B734F68878FB34E /* CDVLocalFilesystem.m */ = {isa = PBXFileReference; name = "CDVLocalFilesystem.m"; path = "cordova-plugin-file/CDVLocalFilesystem.m"; sourceTree = "<group>"; fileEncoding = 4; lastKnownFileType = sourcecode.c.objc; explicitFileType = undefined; includeInIndex = 0; };
		1866AF16641A4D5E87937F27 /* CDVAssetLibraryFilesystem.m */ = {isa = PBXFileReference; name = "CDVAssetLibraryFilesystem.m"; path = "cordova-plugin-file/CDVAssetLibraryFilesystem.m"; sourceTree = "<group>"; fileEncoding = 4; lastKnownFileType = sourcecode.c.objc; explicitFileType = undefined; includeInIndex = 0; };
		6AC3C7431E554EEE9CD6355E /* CDVFile.h */ = {isa = PBXFileReference; name = "CDVFile.h"; path = "cordova-plugin-file/CDVFile.h"; sourceTree = "<group>"; fileEncoding = 4; lastKnownFileType = sourcecode.c.h; explicitFileType = undefined; includeInIndex = 0; };
		D9F3C89A06CC431FA44F41C8 /* CDVLocalFilesystem.h */ = {isa = PBXFileReference; name = "CDVLocalFilesystem.h"; path = "cordova-plugin-file/CDVLocalFilesystem.h"; sourceTree = "<group>"; fileEncoding = 4; lastKnownFileType = sourcecode.c.h; explicitFileType = undefined; includeInIndex = 0; };
		C1E644F1120A4F0F9CFB2AC5 /* CDVAssetLibraryFilesystem.h */ = {isa = PBXFileReference; name = "CDVAssetLibraryFilesystem.h"; path = "cordova-plugin-file/CDVAssetLibraryFilesystem.h"; sourceTree = "<group>"; fileEncoding = 4; lastKnownFileType = sourcecode.c.h; explicitFileType = undefined; includeInIndex = 0; };
		C2EBDF6E481947A6B9E8D293 /* CDVFileTransfer.m */ = {isa = PBXFileReference; name = "CDVFileTransfer.m"; path = "cordova-plugin-file-transfer/CDVFileTransfer.m"; sourceTree = "<group>"; fileEncoding = 4; lastKnownFileType = sourcecode.c.objc; explicitFileType = undefined; includeInIndex = 0; };
		11045DD97AEE419B8FB4298B /* CDVFileTransfer.h */ = {isa = PBXFileReference; name = "CDVFileTransfer.h"; path = "cordova-plugin-file-transfer/CDVFileTransfer.h"; sourceTree = "<group>"; fileEncoding = 4; lastKnownFileType = sourcecode.c.h; explicitFileType = undefined; includeInIndex = 0; };
/* End PBXFileReference section */

/* Begin PBXFrameworksBuildPhase section */
		1D60588F0D05DD3D006BFB54 /* Frameworks */ = {
			isa = PBXFrameworksBuildPhase;
			buildActionMask = 2147483647;
			files = (
				301BF552109A68D80062928A /* libCordova.a in Frameworks */,
				041C0E240303455FB1268C76 /* WebKit.framework in Frameworks */,
				63621A5F78F44D1A8038A255 /* QuartzCore.framework in Frameworks */,
				E0101D2927A44F749733F63E /* Accelerate.framework in Frameworks */,
				DAB3C97B6F084554BC294619 /* Security.framework in Frameworks */,
				A05F7D2696A341AFB60A4978 /* Photos.framework in Frameworks */,
				4734D0B5F4D64EBDB9629CC7 /* SystemConfiguration.framework in Frameworks */,
			);
			runOnlyForDeploymentPostprocessing = 0;
		};
/* End PBXFrameworksBuildPhase section */

/* Begin PBXGroup section */
		080E96DDFE201D6D7F000001 /* Classes */ = {
			isa = PBXGroup;
			children = (
				302D95EE14D2391D003F00A1 /* MainViewController.h */,
				302D95EF14D2391D003F00A1 /* MainViewController.m */,
				302D95F014D2391D003F00A1 /* MainViewController.xib */,
				1D3623240D0F684500981E51 /* AppDelegate.h */,
				1D3623250D0F684500981E51 /* AppDelegate.m */,
			);
			name = Classes;
			path = "MyApp/Classes";
			sourceTree = SOURCE_ROOT;
		};
		19C28FACFE9D520D11CA2CBB /* Products */ = {
			isa = PBXGroup;
			children = (
				1D6058910D05DD3D006BFB54 /* MyApp.app */,
			);
			name = Products;
			sourceTree = "<group>";
		};
		29B97314FDCFA39411CA2CEA /* CustomTemplate */ = {
			isa = PBXGroup;
			children = (
				EB87FDF41871DAF40020F90C /* config.xml */,
				EB87FDF31871DA8E0020F90C /* www */,
				EB87FDF11871DA420020F90C /* Staging */,
				301BF52D109A57CC0062928A /* CordovaLib.xcodeproj */,
				080E96DDFE201D6D7F000001 /* Classes */,
				307C750510C5A3420062BCA9 /* Plugins */,
				29B97315FDCFA39411CA2CEA /* Other Sources */,
				29B97317FDCFA39411CA2CEA /* Resources */,
				29B97323FDCFA39411CA2CEA /* Frameworks */,
				19C28FACFE9D520D11CA2CBB /* Products */,
			);
			name = CustomTemplate;
			sourceTree = "<group>";
		};
		29B97315FDCFA39411CA2CEA /* Other Sources */ = {
			isa = PBXGroup;
			children = (
				32CA4F630368D1EE00C91783 /* MyApp-Prefix.pch */,
				29B97316FDCFA39411CA2CEA /* main.m */,
				ED33DF2A687741AEAF9F8254 /* Bridging-Header.h */,
			);
			name = "Other Sources";
			path = "MyApp";
			sourceTree = "<group>";
		};
		29B97317FDCFA39411CA2CEA /* Resources */ = {
			isa = PBXGroup;
			children = (
				0207DA571B56EA530066E2B4 /* Images.xcassets */,
				3047A50E1AB8057F00498E2A /* config */,
				8D1107310486CEB800E47090 /* MyApp-Info.plist */,
				6AFF5BF81D6E424B00AB3073 /* CDVLaunchScreen.storyboard */,
				9B1E18CBFB264F779FC720C0 /* GMEmptyFolder@1x.png */,
				4CCA4671BBEE481FBD4B0FAE /* GMEmptyFolder@2x.png */,
				F8D0F9E1CB33483B87446E69 /* GMSelected.png */,
				E4015BDCDBAE493EABA6EE2D /* GMSelected@2x.png */,
				256D8A88A56C49A5B69A67A4 /* GMVideoIcon.png */,
				C002A77E47174E54A70E1054 /* GMVideoIcon@2x.png */,
				752A339491C247BCA3AE465A /* ca.lproj */,
				C87997806445410F9D5612CD /* de.lproj */,
				8E0B377D084F40BFAA058E2D /* en.lproj */,
				980B7BC39338438BA0B2ACCC /* es.lproj */,
				4BAAF2A1BFAA4A508CFED79C /* fr.lproj */,
				07032167037D4E4299DAEA87 /* it.lproj */,
				8E08AC24554446BF94F566AB /* pt.lproj */,
				481409418EA148A79F67BBFB /* pl.lproj */,
				9955FD5813234686BF3780FD /* zh-Hans.lproj */,
			);
			name = Resources;
			path = "MyApp/Resources";
			sourceTree = "<group>";
		};
		29B97323FDCFA39411CA2CEA /* Frameworks */ = {
			isa = PBXGroup;
			children = (
				D872A1EC317748E5B2C536CA /* WebKit.framework */,
				FE7036256B264084A726CEEF /* QuartzCore.framework */,
				3200181BD5BC436C83157241 /* Accelerate.framework */,
				811B8AA00E514EC3998BCEC4 /* Security.framework */,
				6D2BDA674D1D4DC0A5446742 /* Photos.framework */,
				3770302608EE4A92B42A157B /* SystemConfiguration.framework */,
			);
			name = Frameworks;
			sourceTree = "<group>";
		};
		301BF52E109A57CC0062928A /* Products */ = {
			isa = PBXGroup;
			children = (
				301BF535109A57CC0062928A /* libCordova.a */,
				907D8124214C687600058A10 /* Cordova.framework */,
			);
			name = Products;
			sourceTree = "<group>";
		};
		3047A50E1AB8057F00498E2A /* config */ = {
			isa = PBXGroup;
			children = (
				3047A50F1AB8059700498E2A /* build-debug.xcconfig */,
				3047A5101AB8059700498E2A /* build-release.xcconfig */,
				3047A5111AB8059700498E2A /* build.xcconfig */,
			);
			name = config;
			sourceTree = "<group>";
		};
		307C750510C5A3420062BCA9 /* Plugins */ = {
			isa = PBXGroup;
			children = (
				4BFF976F93CA45E29093B575 /* CDVDevice.m */,
				ABB05D39EE604E86AAB867BF /* CDVDevice.h */,
				BE0D05577C084F9C9FDE092C /* CDVIonicKeyboard.m */,
				D841F1C2EDE04469AA01DA12 /* CDVIonicKeyboard.h */,
				605BA38F280A484EA50FC649 /* CDVWKWebViewEngine.m */,
				08E73E1E9B2847B38F19A9DD /* CDVWKWebViewUIDelegate.m */,
				E85CECAE3F114473BEABB43B /* CDVWKProcessPoolFactory.m */,
				4F4B770F4DF540C39630ECE0 /* IONAssetHandler.m */,
				9F35C180515D4E7E9FB35224 /* CDVWKWebViewEngine.h */,
				6DEF8361412447B18C5FBECB /* CDVWKWebViewUIDelegate.h */,
				B5B70821D9414AB58EB7C8F4 /* CDVWKProcessPoolFactory.h */,
				9FA0CAB6529F4D078F4407C3 /* IONAssetHandler.h */,
				2B5640889AAB4725B08D4850 /* CDVSplashScreen.m */,
				402DDD64EC4141159F37D826 /* CDVViewController+SplashScreen.m */,
				82C63FD8EC164172A3A45DFA /* CDVSplashScreen.h */,
				A938D395EAFE4267BD8ED080 /* CDVViewController+SplashScreen.h */,
				6E542399C4224A90A2E6B351 /* CDVStatusBar.m */,
				06D3766E4D7C41F69231694B /* CDVStatusBar.h */,
				F2218548E9574C47961EFE47 /* Toast+UIView.m */,
				A1F2109DEC2A445590E1D646 /* Toast.m */,
				BDB29B46B85B44C29BBDF0B2 /* Toast+UIView.h */,
				D0FF5003A5DB4F9FAA8300A5 /* Toast.h */,
				6578C97294844D1BA644307A /* SOSPicker.m */,
				CB55CEA68B704500B25DC123 /* UIImage+fixOrientation.m */,
				F6275AD4749541D7AA7F8CA0 /* GMAlbumsViewCell.m */,
				8170D3FF966042DBA1CF7F0D /* GMAlbumsViewController.m */,
				4729ED35A9CE4D3AB7E6E072 /* GMFetchItem.m */,
				50BA471CA84248048BA4DA7D /* GMGridViewCell.m */,
				E489A44A5711477FAE073D83 /* GMGridViewController.m */,
				4B3DC277088041E4A9B89BA7 /* GMImagePickerController.m */,
				4E81DAACF1BF4AB1A705698A /* PSYBlockTimer.m */,
				02E65E542F654EAC9C28F0F1 /* GMPHAsset.m */,
				F97625E61A71444DA7CBE743 /* SOSPicker.h */,
				459057FA519C42A68DBCAF34 /* UIImage+fixOrientation.h */,
				D732B5FC7194437F801DB7AB /* GMAlbumsViewCell.h */,
				6E97381D675B4A85B2012322 /* GMAlbumsViewController.h */,
				D30A445E6E2B4FF88AC2BCD0 /* GMFetchItem.h */,
				710C5691BAC74F95BDA7B16A /* GMGridViewCell.h */,
				6E6B75F7186D4D09B22BD861 /* GMGridViewController.h */,
				E3396B7647EA404DB3DDD3AD /* GMImagePickerController.h */,
				CF18A9F7BB3D4FE19324E851 /* PSYBlockTimer.h */,
				CBDBAF9D1E6943BF81A1E400 /* GMPHAsset.h */,
				779A541E8E3542B9BC45DD1E /* CDVFile.m */,
				EE68BD497B734F68878FB34E /* CDVLocalFilesystem.m */,
				1866AF16641A4D5E87937F27 /* CDVAssetLibraryFilesystem.m */,
				6AC3C7431E554EEE9CD6355E /* CDVFile.h */,
				D9F3C89A06CC431FA44F41C8 /* CDVLocalFilesystem.h */,
				C1E644F1120A4F0F9CFB2AC5 /* CDVAssetLibraryFilesystem.h */,
				C2EBDF6E481947A6B9E8D293 /* CDVFileTransfer.m */,
				11045DD97AEE419B8FB4298B /* CDVFileTransfer.h */,
			);
			name = Plugins;
			path = "MyApp/Plugins";
			sourceTree = SOURCE_ROOT;
		};
		EB87FDF11871DA420020F90C /* Staging */ = {
			isa = PBXGroup;
			children = (
				F840E1F0165FE0F500CFE078 /* config.xml */,
				301BF56E109A69640062928A /* www */,
			);
			name = Staging;
			sourceTree = "<group>";
		};
/* End PBXGroup section */

/* Begin PBXNativeTarget section */
		1D6058900D05DD3D006BFB54 /* MyApp */ = {
			isa = PBXNativeTarget;
			buildConfigurationList = 1D6058960D05DD3E006BFB54 /* Build configuration list for PBXNativeTarget "MyApp" */;
			buildPhases = (
				304B58A110DAC018002A0835 /* Copy www directory */,
				1D60588D0D05DD3D006BFB54 /* Resources */,
				1D60588E0D05DD3D006BFB54 /* Sources */,
				1D60588F0D05DD3D006BFB54 /* Frameworks */,
			);
			buildRules = (
			);
			dependencies = (
				301BF551109A68C00062928A /* PBXTargetDependency */,
			);
			name = "MyApp";
			productName = "MyApp";
			productReference = 1D6058910D05DD3D006BFB54 /* MyApp.app */;
			productType = "com.apple.product-type.application";
		};
/* End PBXNativeTarget section */

/* Begin PBXProject section */
		29B97313FDCFA39411CA2CEA /* Project object */ = {
			isa = PBXProject;
			attributes = {
				LastUpgradeCheck = 510;
				TargetAttributes = {
					1D6058900D05DD3D006BFB54 = {
						ProvisioningStyle = Automatic;
					};
				};
			};
			buildConfigurationList = C01FCF4E08A954540054247B /* Build configuration list for PBXProject "MyApp" */;
			compatibilityVersion = "Xcode 3.2";
			developmentRegion = English;
			hasScannedForEncodings = 1;
			mainGroup = 29B97314FDCFA39411CA2CEA /* CustomTemplate */;
			projectDirPath = "";
			projectReferences = (
				{
					ProductGroup = 301BF52E109A57CC0062928A /* Products */;
					ProjectRef = 301BF52D109A57CC0062928A /* CordovaLib.xcodeproj */;
				},
			);
			projectRoot = "";
			targets = (
				1D6058900D05DD3D006BFB54 /* MyApp */,
			);
		};
/* End PBXProject section */

/* Begin PBXReferenceProxy section */
		301BF535109A57CC0062928A /* libCordova.a */ = {
			isa = PBXReferenceProxy;
			fileType = archive.ar;
			path = libCordova.a;
			remoteRef = 301BF534109A57CC0062928A /* PBXContainerItemProxy */;
			sourceTree = BUILT_PRODUCTS_DIR;
		};
		907D8124214C687600058A10 /* Cordova.framework */ = {
			isa = PBXReferenceProxy;
			fileType = wrapper.framework;
			path = Cordova.framework;
			remoteRef = 907D8123214C687600058A10 /* PBXContainerItemProxy */;
			sourceTree = BUILT_PRODUCTS_DIR;
		};
/* End PBXReferenceProxy section */

/* Begin PBXResourcesBuildPhase section */
		1D60588D0D05DD3D006BFB54 /* Resources */ = {
			isa = PBXResourcesBuildPhase;
			buildActionMask = 2147483647;
			files = (
				302D95F214D2391D003F00A1 /* MainViewController.xib in Resources */,
				0207DA581B56EA530066E2B4 /* Images.xcassets in Resources */,
				6AFF5BF91D6E424B00AB3073 /* CDVLaunchScreen.storyboard in Resources */,
				FB1174CE72824E49AA3BF4A1 /* GMEmptyFolder@1x.png in Resources */,
				2DE3FFB1AA7A45208D7AEFAB /* GMEmptyFolder@2x.png in Resources */,
				5B2CCAEBF2164ACB80DB1E09 /* GMSelected.png in Resources */,
				64F6277DB457425583CE3EB9 /* GMSelected@2x.png in Resources */,
				27B3E669D1EB4C5A84EFB8AD /* GMVideoIcon.png in Resources */,
				A580A4B269314029A7383D4F /* GMVideoIcon@2x.png in Resources */,
				AA527AE1C162424B899E2718 /* ca.lproj in Resources */,
				2A6FBE833D57462EB0D60476 /* de.lproj in Resources */,
				BE1A23D7AB3C4D8889CCDC93 /* en.lproj in Resources */,
				5AEE1E65B0E44351B9B89CC1 /* es.lproj in Resources */,
				039EF5E04486471582435D4F /* fr.lproj in Resources */,
				83A384C4D1DD46818A8E30B6 /* it.lproj in Resources */,
				9C8848DA9C15424499A81AC7 /* pt.lproj in Resources */,
				805EE53A88524F5CA6CD8945 /* pl.lproj in Resources */,
				3FA11CDE5ECF4AE3B1F2A9BD /* zh-Hans.lproj in Resources */,
			);
			runOnlyForDeploymentPostprocessing = 0;
		};
/* End PBXResourcesBuildPhase section */

/* Begin PBXShellScriptBuildPhase section */
		304B58A110DAC018002A0835 /* Copy www directory */ = {
			isa = PBXShellScriptBuildPhase;
			buildActionMask = 2147483647;
			files = (
			);
			inputPaths = (
			);
			name = "Copy www directory";
			outputPaths = (
			);
			runOnlyForDeploymentPostprocessing = 0;
			shellPath = /bin/sh;
			shellScript = "\"$SRCROOT/MyApp/Scripts/copy-www-build-step.sh\"";
			showEnvVarsInLog = 0;
		};
/* End PBXShellScriptBuildPhase section */

/* Begin PBXSourcesBuildPhase section */
		1D60588E0D05DD3D006BFB54 /* Sources */ = {
			isa = PBXSourcesBuildPhase;
			buildActionMask = 2147483647;
			files = (
				1D60589B0D05DD56006BFB54 /* main.m in Sources */,
				1D3623260D0F684500981E51 /* AppDelegate.m in Sources */,
				302D95F114D2391D003F00A1 /* MainViewController.m in Sources */,
				76DC14135B7845B29BDDEBE1 /* CDVDevice.m in Sources */,
				AC25A258282B40F384BDB50E /* CDVIonicKeyboard.m in Sources */,
				CE104051C4F14D82A824A9B0 /* CDVWKWebViewEngine.m in Sources */,
				446BAF99DA6A46BD8D7924D9 /* CDVWKWebViewUIDelegate.m in Sources */,
				436396B506AD4FBC880D9D0C /* CDVWKProcessPoolFactory.m in Sources */,
				CE42DFA4EBBE43048AAA689D /* IONAssetHandler.m in Sources */,
				040DEDD4735C46459F3E5D56 /* CDVSplashScreen.m in Sources */,
				2EF4E8EE9C69425E814E60F7 /* CDVViewController+SplashScreen.m in Sources */,
				9109E3B2F11C47B0BE0C0BB0 /* CDVStatusBar.m in Sources */,
				68501761FCD64CC6BD158432 /* Toast+UIView.m in Sources */,
				41A68BF7E0234886926945F7 /* Toast.m in Sources */,
				04FB674AB8CA4ADBA5CB4AD6 /* SOSPicker.m in Sources */,
				3804CFBDADAF4283A329ADD6 /* UIImage+fixOrientation.m in Sources */,
				9B9257800CBF4031BB0BF81E /* GMAlbumsViewCell.m in Sources */,
				E00CC5228183440BBF66EE7D /* GMAlbumsViewController.m in Sources */,
				39407890A5A14750969DD510 /* GMFetchItem.m in Sources */,
				824F1629023647199013CDBD /* GMGridViewCell.m in Sources */,
				AD2ACB6E1E334072BCA2EACA /* GMGridViewController.m in Sources */,
				125001988EB44358BBAE5542 /* GMImagePickerController.m in Sources */,
				2DE5D9EDDEDA433BAAC660C6 /* PSYBlockTimer.m in Sources */,
				A77222DCFE474969927AB6D0 /* GMPHAsset.m in Sources */,
				89223F9A11644FACB4874765 /* CDVFile.m in Sources */,
				A344E359DB9C48EDB5E018FB /* CDVLocalFilesystem.m in Sources */,
				6BFE28FA3B3B420BB03849FF /* CDVAssetLibraryFilesystem.m in Sources */,
				DB3D5CA3B62C46EEB3D90638 /* CDVFileTransfer.m in Sources */,
			);
			runOnlyForDeploymentPostprocessing = 0;
		};
/* End PBXSourcesBuildPhase section */

/* Begin PBXTargetDependency section */
		301BF551109A68C00062928A /* PBXTargetDependency */ = {
			isa = PBXTargetDependency;
			name = CordovaLib;
			targetProxy = 301BF550109A68C00062928A /* PBXContainerItemProxy */;
		};
/* End PBXTargetDependency section */

/* Begin XCBuildConfiguration section */
		1D6058940D05DD3E006BFB54 /* Debug */ = {
			isa = XCBuildConfiguration;
			baseConfigurationReference = 3047A50F1AB8059700498E2A /* build-debug.xcconfig */;
			buildSettings = {
				ALWAYS_SEARCH_USER_PATHS = NO;
				ASSETCATALOG_COMPILER_APPICON_NAME = AppIcon;
				ASSETCATALOG_COMPILER_LAUNCHIMAGE_NAME = LaunchImage;
				CLANG_ENABLE_MODULES = YES;
				CLANG_ENABLE_OBJC_ARC = YES;
				COPY_PHASE_STRIP = NO;
				GCC_DYNAMIC_NO_PIC = NO;
				GCC_OPTIMIZATION_LEVEL = 0;
				GCC_PRECOMPILE_PREFIX_HEADER = YES;
				GCC_PREFIX_HEADER = "MyApp/MyApp-Prefix.pch";
				GCC_THUMB_SUPPORT = NO;
				GCC_VERSION = "";
				INFOPLIST_FILE = "MyApp/MyApp-Info.plist";
				IPHONEOS_DEPLOYMENT_TARGET = 11.0;
				LD_RUNPATH_SEARCH_PATHS = "@executable_path/Frameworks";
				PRODUCT_BUNDLE_IDENTIFIER = io.ionic.starter;
				PRODUCT_NAME = "$(TARGET_NAME)";
				TARGETED_DEVICE_FAMILY = "1,2";
			};
			name = Debug;
		};
		1D6058950D05DD3E006BFB54 /* Release */ = {
			isa = XCBuildConfiguration;
			baseConfigurationReference = 3047A5101AB8059700498E2A /* build-release.xcconfig */;
			buildSettings = {
				ALWAYS_SEARCH_USER_PATHS = NO;
				ASSETCATALOG_COMPILER_APPICON_NAME = AppIcon;
				ASSETCATALOG_COMPILER_LAUNCHIMAGE_NAME = LaunchImage;
				CLANG_ENABLE_MODULES = YES;
				CLANG_ENABLE_OBJC_ARC = YES;
				COPY_PHASE_STRIP = YES;
				GCC_PRECOMPILE_PREFIX_HEADER = YES;
				GCC_PREFIX_HEADER = "MyApp/MyApp-Prefix.pch";
				GCC_THUMB_SUPPORT = NO;
				GCC_VERSION = "";
				INFOPLIST_FILE = "MyApp/MyApp-Info.plist";
				IPHONEOS_DEPLOYMENT_TARGET = 11.0;
				LD_RUNPATH_SEARCH_PATHS = "@executable_path/Frameworks";
				PRODUCT_BUNDLE_IDENTIFIER = io.ionic.starter;
				PRODUCT_NAME = "$(TARGET_NAME)";
				TARGETED_DEVICE_FAMILY = "1,2";
			};
			name = Release;
		};
		C01FCF4F08A954540054247B /* Debug */ = {
			isa = XCBuildConfiguration;
			baseConfigurationReference = 3047A5111AB8059700498E2A /* build.xcconfig */;
			buildSettings = {
				CLANG_ENABLE_MODULES = YES;
				CLANG_ENABLE_OBJC_ARC = YES;
				CLANG_WARN_BLOCK_CAPTURE_AUTORELEASING = YES;
				CLANG_WARN_BOOL_CONVERSION = YES;
				CLANG_WARN_COMMA = YES;
				CLANG_WARN_CONSTANT_CONVERSION = YES;
				CLANG_WARN_DEPRECATED_OBJC_IMPLEMENTATIONS = YES;
				CLANG_WARN_EMPTY_BODY = YES;
				CLANG_WARN_ENUM_CONVERSION = YES;
				CLANG_WARN_INFINITE_RECURSION = YES;
				CLANG_WARN_INT_CONVERSION = YES;
				CLANG_WARN_NON_LITERAL_NULL_CONVERSION = YES;
				CLANG_WARN_OBJC_IMPLICIT_RETAIN_SELF = YES;
				CLANG_WARN_OBJC_LITERAL_CONVERSION = YES;
				CLANG_WARN_RANGE_LOOP_ANALYSIS = YES;
				CLANG_WARN_STRICT_PROTOTYPES = YES;
				CLANG_WARN_SUSPICIOUS_MOVE = YES;
				CLANG_WARN_UNREACHABLE_CODE = YES;
				CLANG_WARN__DUPLICATE_METHOD_MATCH = YES;
				ENABLE_STRICT_OBJC_MSGSEND = YES;
				ENABLE_TESTABILITY = YES;
				GCC_C_LANGUAGE_STANDARD = c99;
				GCC_NO_COMMON_BLOCKS = YES;
				GCC_THUMB_SUPPORT = NO;
				GCC_VERSION = "";
				GCC_WARN_64_TO_32_BIT_CONVERSION = YES;
				GCC_WARN_ABOUT_RETURN_TYPE = YES;
				GCC_WARN_UNDECLARED_SELECTOR = YES;
				GCC_WARN_UNINITIALIZED_AUTOS = YES;
				GCC_WARN_UNUSED_FUNCTION = YES;
				GCC_WARN_UNUSED_VARIABLE = YES;
				ONLY_ACTIVE_ARCH = YES;
				SDKROOT = iphoneos;
				SKIP_INSTALL = NO;
				PRODUCT_BUNDLE_IDENTIFIER = io.ionic.starter;
				IPHONEOS_DEPLOYMENT_TARGET = 11.0;
			};
			name = Debug;
		};
		C01FCF5008A954540054247B /* Release */ = {
			isa = XCBuildConfiguration;
			baseConfigurationReference = 3047A5111AB8059700498E2A /* build.xcconfig */;
			buildSettings = {
				CLANG_ENABLE_MODULES = YES;
				CLANG_ENABLE_OBJC_ARC = YES;
				CLANG_WARN_BLOCK_CAPTURE_AUTORELEASING = YES;
				CLANG_WARN_BOOL_CONVERSION = YES;
				CLANG_WARN_COMMA = YES;
				CLANG_WARN_CONSTANT_CONVERSION = YES;
				CLANG_WARN_DEPRECATED_OBJC_IMPLEMENTATIONS = YES;
				CLANG_WARN_EMPTY_BODY = YES;
				CLANG_WARN_ENUM_CONVERSION = YES;
				CLANG_WARN_INFINITE_RECURSION = YES;
				CLANG_WARN_INT_CONVERSION = YES;
				CLANG_WARN_NON_LITERAL_NULL_CONVERSION = YES;
				CLANG_WARN_OBJC_IMPLICIT_RETAIN_SELF = YES;
				CLANG_WARN_OBJC_LITERAL_CONVERSION = YES;
				CLANG_WARN_RANGE_LOOP_ANALYSIS = YES;
				CLANG_WARN_STRICT_PROTOTYPES = YES;
				CLANG_WARN_SUSPICIOUS_MOVE = YES;
				CLANG_WARN_UNREACHABLE_CODE = YES;
				CLANG_WARN__DUPLICATE_METHOD_MATCH = YES;
				ENABLE_STRICT_OBJC_MSGSEND = YES;
				GCC_C_LANGUAGE_STANDARD = c99;
				GCC_NO_COMMON_BLOCKS = YES;
				GCC_THUMB_SUPPORT = NO;
				GCC_VERSION = "";
				GCC_WARN_64_TO_32_BIT_CONVERSION = YES;
				GCC_WARN_ABOUT_RETURN_TYPE = YES;
				GCC_WARN_UNDECLARED_SELECTOR = YES;
				GCC_WARN_UNINITIALIZED_AUTOS = YES;
				GCC_WARN_UNUSED_FUNCTION = YES;
				GCC_WARN_UNUSED_VARIABLE = YES;
				SDKROOT = iphoneos;
				SKIP_INSTALL = NO;
				PRODUCT_BUNDLE_IDENTIFIER = io.ionic.starter;
				IPHONEOS_DEPLOYMENT_TARGET = 11.0;
			};
			name = Release;
		};
/* End XCBuildConfiguration section */

/* Begin XCConfigurationList section */
		1D6058960D05DD3E006BFB54 /* Build configuration list for PBXNativeTarget "MyApp" */ = {
			isa = XCConfigurationList;
			buildConfigurations = (
				1D6058940D05DD3E006BFB54 /* Debug */,
				1D6058950D05DD3E006BFB54 /* Release */,
			);
			defaultConfigurationIsVisible = 0;
			defaultConfigurationName = Release;
		};
		C01FCF4E08A954540054247B /* Build configuration list for PBXProject "MyApp" */ = {
			isa = XCConfigurationList;
			buildConfigurations = (
				C01FCF4F08A954540054247B /* Debug */,
				C01FCF5008A954540054247B /* Release */,
			);
			defaultConfigurationIsVisible = 0;
			defaultConfigurationName = Release;
		};
/* End XCConfigurationList section */
	};
	rootObject = 29B97313FDCFA39411CA2CEA /* Project object */;
}
